
Microsoft Visual Studio Solution File, Format Version 12.00
# Visual Studio 15
VisualStudioVersion = 15.0.27004.2002
MinimumVisualStudioVersion = 10.0.40219.1
Project("{FAE04EC0-301F-11D3-BF4B-00C04F79EFBC}") = "Legend_Špedicija", "Legend_Špedicija\Legend_Špedicija.csproj", "{A43EB967-54C9-4A1B-9896-65A29D447EE8}"
EndProject
Global
	GlobalSection(SolutionConfigurationPlatforms) = preSolution
		Debug|Any CPU = Debug|Any CPU
		Release|Any CPU = Release|Any CPU
	EndGlobalSection
	GlobalSection(ProjectConfigurationPlatforms) = postSolution
		{A43EB967-54C9-4A1B-9896-65A29D447EE8}.Debug|Any CPU.ActiveCfg = Debug|Any CPU
		{A43EB967-54C9-4A1B-9896-65A29D447EE8}.Debug|Any CPU.Build.0 = Debug|Any CPU
		{A43EB967-54C9-4A1B-9896-65A29D447EE8}.Release|Any CPU.ActiveCfg = Release|Any CPU
		{A43EB967-54C9-4A1B-9896-65A29D447EE8}.Release|Any CPU.Build.0 = Release|Any CPU
	EndGlobalSection
	GlobalSection(SolutionProperties) = preSolution
		HideSolutionNode = FALSE
	EndGlobalSection
	GlobalSection(ExtensibilityGlobals) = postSolution
		SolutionGuid = {2E72AC9F-E587-4593-8429-BC36CB3E0E07}
	EndGlobalSection
EndGlobal
